
Microsoft Visual Studio Solution File, Format Version 12.00
# Visual Studio Version 17
VisualStudioVersion = 17.0.31903.59
MinimumVisualStudioVersion = 10.0.40219.1
Project("{FAE04EC0-301F-11D3-BF4B-00C04F79EFBC}") = "Simplicity", "Simplicity\Simplicity\Simplicity.csproj", "{FAA22189-6152-46D9-B75F-112DF06DF64D}"
EndProject
Project("{FAE04EC0-301F-11D3-BF4B-00C04F79EFBC}") = "Simplicity.Sample", "Simplicity\Simplicity.Sample\Simplicity.Sample.csproj", "{99E2C603-7649-4943-A97E-A2B9F0D54303}"
EndProject
Project("{FAE04EC0-301F-11D3-BF4B-00C04F79EFBC}") = "Simplicity.Tests", "Simplicity\Simplicity.Tests\Simplicity.Tests.csproj", "{B9612851-2CF6-43AB-ABA7-62E41A9E592E}"
EndProject
Global
	GlobalSection(SolutionConfigurationPlatforms) = preSolution
		Debug|Any CPU = Debug|Any CPU
		Release|Any CPU = Release|Any CPU
	EndGlobalSection
	GlobalSection(SolutionProperties) = preSolution
		HideSolutionNode = FALSE
	EndGlobalSection
	GlobalSection(ProjectConfigurationPlatforms) = postSolution
		{FAA22189-6152-46D9-B75F-112DF06DF64D}.Debug|Any CPU.ActiveCfg = Debug|Any CPU
		{FAA22189-6152-46D9-B75F-112DF06DF64D}.Debug|Any CPU.Build.0 = Debug|Any CPU
		{FAA22189-6152-46D9-B75F-112DF06DF64D}.Release|Any CPU.ActiveCfg = Release|Any CPU
		{FAA22189-6152-46D9-B75F-112DF06DF64D}.Release|Any CPU.Build.0 = Release|Any CPU
		{99E2C603-7649-4943-A97E-A2B9F0D54303}.Debug|Any CPU.ActiveCfg = Debug|Any CPU
		{99E2C603-7649-4943-A97E-A2B9F0D54303}.Debug|Any CPU.Build.0 = Debug|Any CPU
		{99E2C603-7649-4943-A97E-A2B9F0D54303}.Release|Any CPU.ActiveCfg = Release|Any CPU
		{99E2C603-7649-4943-A97E-A2B9F0D54303}.Release|Any CPU.Build.0 = Release|Any CPU
		{B9612851-2CF6-43AB-ABA7-62E41A9E592E}.Debug|Any CPU.ActiveCfg = Debug|Any CPU
		{B9612851-2CF6-43AB-ABA7-62E41A9E592E}.Debug|Any CPU.Build.0 = Debug|Any CPU
		{B9612851-2CF6-43AB-ABA7-62E41A9E592E}.Release|Any CPU.ActiveCfg = Release|Any CPU
		{B9612851-2CF6-43AB-ABA7-62E41A9E592E}.Release|Any CPU.Build.0 = Release|Any CPU
	EndGlobalSection
EndGlobal
